// !$*UTF8*$!
{
	archiveVersion = 1;
	classes = {
	};
	objectVersion = 46;
	objects = {

/* Begin PBXBuildFile section */
		9A60C8311E0787EC0088B6C9 /* MessageUI.framework in Frameworks */ = {isa = PBXBuildFile; fileRef = 9A60C8301E0787EC0088B6C9 /* MessageUI.framework */; };
		9AFA862120C76F0B0020E692 /* ViewController.swift in Sources */ = {isa = PBXBuildFile; fileRef = 9AFA861920C76F0B0020E692 /* ViewController.swift */; };
		9AFA862220C76F0B0020E692 /* Assets.xcassets in Resources */ = {isa = PBXBuildFile; fileRef = 9AFA861A20C76F0B0020E692 /* Assets.xcassets */; };
		9AFA862320C76F0B0020E692 /* LaunchScreen.storyboard in Resources */ = {isa = PBXBuildFile; fileRef = 9AFA861B20C76F0B0020E692 /* LaunchScreen.storyboard */; };
		9AFA862420C76F0B0020E692 /* Main.storyboard in Resources */ = {isa = PBXBuildFile; fileRef = 9AFA861D20C76F0B0020E692 /* Main.storyboard */; };
		9AFA862520C76F0B0020E692 /* AppDelegate.swift in Sources */ = {isa = PBXBuildFile; fileRef = 9AFA861F20C76F0B0020E692 /* AppDelegate.swift */; };
		9AFA862A20C76F390020E692 /* DeviceExtensions.swift in Sources */ = {isa = PBXBuildFile; fileRef = 9AFA862820C76F390020E692 /* DeviceExtensions.swift */; };
		9AFA862B20C76F390020E692 /* SupportEmail.swift in Sources */ = {isa = PBXBuildFile; fileRef = 9AFA862920C76F390020E692 /* SupportEmail.swift */; };
/* End PBXBuildFile section */

/* Begin PBXFileReference section */
		9A60C8301E0787EC0088B6C9 /* MessageUI.framework */ = {isa = PBXFileReference; lastKnownFileType = wrapper.framework; name = MessageUI.framework; path = System/Library/Frameworks/MessageUI.framework; sourceTree = SDKROOT; };
		9AED9E281E07855C00C4FCE0 /* SupportEmailDemo.app */ = {isa = PBXFileReference; explicitFileType = wrapper.application; includeInIndex = 0; path = SupportEmailDemo.app; sourceTree = BUILT_PRODUCTS_DIR; };
		9AFA861920C76F0B0020E692 /* ViewController.swift */ = {isa = PBXFileReference; fileEncoding = 4; lastKnownFileType = sourcecode.swift; path = ViewController.swift; sourceTree = "<group>"; };
		9AFA861A20C76F0B0020E692 /* Assets.xcassets */ = {isa = PBXFileReference; lastKnownFileType = folder.assetcatalog; path = Assets.xcassets; sourceTree = "<group>"; };
		9AFA861C20C76F0B0020E692 /* Base */ = {isa = PBXFileReference; lastKnownFileType = file.storyboard; name = Base; path = Base.lproj/LaunchScreen.storyboard; sourceTree = "<group>"; };
		9AFA861E20C76F0B0020E692 /* Base */ = {isa = PBXFileReference; lastKnownFileType = file.storyboard; name = Base; path = Base.lproj/Main.storyboard; sourceTree = "<group>"; };
		9AFA861F20C76F0B0020E692 /* AppDelegate.swift */ = {isa = PBXFileReference; fileEncoding = 4; lastKnownFileType = sourcecode.swift; path = AppDelegate.swift; sourceTree = "<group>"; };
		9AFA862020C76F0B0020E692 /* Info.plist */ = {isa = PBXFileReference; fileEncoding = 4; lastKnownFileType = text.plist.xml; path = Info.plist; sourceTree = "<group>"; };
		9AFA862820C76F390020E692 /* DeviceExtensions.swift */ = {isa = PBXFileReference; fileEncoding = 4; lastKnownFileType = sourcecode.swift; path = DeviceExtensions.swift; sourceTree = "<group>"; };
		9AFA862920C76F390020E692 /* SupportEmail.swift */ = {isa = PBXFileReference; fileEncoding = 4; lastKnownFileType = sourcecode.swift; path = SupportEmail.swift; sourceTree = "<group>"; };
/* End PBXFileReference section */

/* Begin PBXFrameworksBuildPhase section */
		9AED9E251E07855B00C4FCE0 /* Frameworks */ = {
			isa = PBXFrameworksBuildPhase;
			buildActionMask = 2147483647;
			files = (
				9A60C8311E0787EC0088B6C9 /* MessageUI.framework in Frameworks */,
			);
			runOnlyForDeploymentPostprocessing = 0;
		};
/* End PBXFrameworksBuildPhase section */

/* Begin PBXGroup section */
		9A60C82F1E0787EC0088B6C9 /* Frameworks */ = {
			isa = PBXGroup;
			children = (
				9A60C8301E0787EC0088B6C9 /* MessageUI.framework */,
			);
			name = Frameworks;
			sourceTree = "<group>";
		};
		9AED9E1F1E07855B00C4FCE0 = {
			isa = PBXGroup;
			children = (
				9AFA861820C76F0B0020E692 /* SupportEmailDemo */,
				9AED9E291E07855C00C4FCE0 /* Products */,
				9A60C82F1E0787EC0088B6C9 /* Frameworks */,
			);
			sourceTree = "<group>";
		};
		9AED9E291E07855C00C4FCE0 /* Products */ = {
			isa = PBXGroup;
			children = (
				9AED9E281E07855C00C4FCE0 /* SupportEmailDemo.app */,
			);
			name = Products;
			sourceTree = "<group>";
		};
		9AFA861820C76F0B0020E692 /* SupportEmailDemo */ = {
			isa = PBXGroup;
			children = (
				9AFA862720C76F390020E692 /* SupportEmail */,
				9AFA861920C76F0B0020E692 /* ViewController.swift */,
				9AFA861A20C76F0B0020E692 /* Assets.xcassets */,
				9AFA861B20C76F0B0020E692 /* LaunchScreen.storyboard */,
				9AFA861D20C76F0B0020E692 /* Main.storyboard */,
				9AFA861F20C76F0B0020E692 /* AppDelegate.swift */,
				9AFA862020C76F0B0020E692 /* Info.plist */,
			);
			path = SupportEmailDemo;
			sourceTree = "<group>";
		};
		9AFA862720C76F390020E692 /* SupportEmail */ = {
			isa = PBXGroup;
			children = (
				9AFA862820C76F390020E692 /* DeviceExtensions.swift */,
				9AFA862920C76F390020E692 /* SupportEmail.swift */,
			);
			name = SupportEmail;
			path = ../../../SupportEmail;
			sourceTree = "<group>";
		};
/* End PBXGroup section */

/* Begin PBXNativeTarget section */
		9AED9E271E07855B00C4FCE0 /* SupportEmailDemo */ = {
			isa = PBXNativeTarget;
			buildConfigurationList = 9AED9E3A1E07855C00C4FCE0 /* Build configuration list for PBXNativeTarget "SupportEmailDemo" */;
			buildPhases = (
				9AED9E241E07855B00C4FCE0 /* Sources */,
				9AED9E251E07855B00C4FCE0 /* Frameworks */,
				9AED9E261E07855B00C4FCE0 /* Resources */,
				9AE146EF1F257BFC0094F687 /* ShellScript */,
			);
			buildRules = (
			);
			dependencies = (
			);
			name = SupportEmailDemo;
			productName = SHSupportEmailDemo;
			productReference = 9AED9E281E07855C00C4FCE0 /* SupportEmailDemo.app */;
			productType = "com.apple.product-type.application";
		};
/* End PBXNativeTarget section */

/* Begin PBXProject section */
		9AED9E201E07855B00C4FCE0 /* Project object */ = {
			isa = PBXProject;
			attributes = {
				LastSwiftUpdateCheck = 0820;
				LastUpgradeCheck = 0930;
				ORGANIZATIONNAME = "Stephen Hayes";
				TargetAttributes = {
					9AED9E271E07855B00C4FCE0 = {
						CreatedOnToolsVersion = 8.2;
						DevelopmentTeam = C75928FBL3;
						LastSwiftMigration = 0900;
						ProvisioningStyle = Automatic;
					};
				};
			};
			buildConfigurationList = 9AED9E231E07855B00C4FCE0 /* Build configuration list for PBXProject "SupportEmailDemo" */;
			compatibilityVersion = "Xcode 3.2";
			developmentRegion = English;
			hasScannedForEncodings = 0;
			knownRegions = (
				en,
				Base,
			);
			mainGroup = 9AED9E1F1E07855B00C4FCE0;
			productRefGroup = 9AED9E291E07855C00C4FCE0 /* Products */;
			projectDirPath = "";
			projectRoot = "";
			targets = (
				9AED9E271E07855B00C4FCE0 /* SupportEmailDemo */,
			);
		};
/* End PBXProject section */

/* Begin PBXResourcesBuildPhase section */
		9AED9E261E07855B00C4FCE0 /* Resources */ = {
			isa = PBXResourcesBuildPhase;
			buildActionMask = 2147483647;
			files = (
				9AFA862220C76F0B0020E692 /* Assets.xcassets in Resources */,
				9AFA862420C76F0B0020E692 /* Main.storyboard in Resources */,
				9AFA862320C76F0B0020E692 /* LaunchScreen.storyboard in Resources */,
			);
			runOnlyForDeploymentPostprocessing = 0;
		};
/* End PBXResourcesBuildPhase section */

/* Begin PBXShellScriptBuildPhase section */
		9AE146EF1F257BFC0094F687 /* ShellScript */ = {
			isa = PBXShellScriptBuildPhase;
			buildActionMask = 2147483647;
			files = (
			);
			inputPaths = (
			);
			outputPaths = (
			);
			runOnlyForDeploymentPostprocessing = 0;
			shellPath = /bin/sh;
			shellScript = "if which swiftlint >/dev/null; then\n    swiftlint\nelse\n    echo \"warning: SwiftLint not installed, download from https://github.com/realm/SwiftLint\"\nfi";
		};
/* End PBXShellScriptBuildPhase section */

/* Begin PBXSourcesBuildPhase section */
		9AED9E241E07855B00C4FCE0 /* Sources */ = {
			isa = PBXSourcesBuildPhase;
			buildActionMask = 2147483647;
			files = (
				9AFA862A20C76F390020E692 /* DeviceExtensions.swift in Sources */,
				9AFA862520C76F0B0020E692 /* AppDelegate.swift in Sources */,
				9AFA862B20C76F390020E692 /* SupportEmail.swift in Sources */,
				9AFA862120C76F0B0020E692 /* ViewController.swift in Sources */,
			);
			runOnlyForDeploymentPostprocessing = 0;
		};
/* End PBXSourcesBuildPhase section */

/* Begin PBXVariantGroup section */
		9AFA861B20C76F0B0020E692 /* LaunchScreen.storyboard */ = {
			isa = PBXVariantGroup;
			children = (
				9AFA861C20C76F0B0020E692 /* Base */,
			);
			name = LaunchScreen.storyboard;
			sourceTree = "<group>";
		};
		9AFA861D20C76F0B0020E692 /* Main.storyboard */ = {
			isa = PBXVariantGroup;
			children = (
				9AFA861E20C76F0B0020E692 /* Base */,
			);
			name = Main.storyboard;
			sourceTree = "<group>";
		};
/* End PBXVariantGroup section */

/* Begin XCBuildConfiguration section */
		9AED9E381E07855C00C4FCE0 /* Debug */ = {
			isa = XCBuildConfiguration;
			buildSettings = {
				ALWAYS_SEARCH_USER_PATHS = NO;
				CLANG_ANALYZER_NONNULL = YES;
				CLANG_CXX_LANGUAGE_STANDARD = "gnu++0x";
				CLANG_CXX_LIBRARY = "libc++";
				CLANG_ENABLE_MODULES = YES;
				CLANG_ENABLE_OBJC_ARC = YES;
				CLANG_WARN_BLOCK_CAPTURE_AUTORELEASING = YES;
				CLANG_WARN_BOOL_CONVERSION = YES;
				CLANG_WARN_COMMA = YES;
				CLANG_WARN_CONSTANT_CONVERSION = YES;
				CLANG_WARN_DEPRECATED_OBJC_IMPLEMENTATIONS = YES;
				CLANG_WARN_DIRECT_OBJC_ISA_USAGE = YES_ERROR;
				CLANG_WARN_DOCUMENTATION_COMMENTS = YES;
				CLANG_WARN_EMPTY_BODY = YES;
				CLANG_WARN_ENUM_CONVERSION = YES;
				CLANG_WARN_INFINITE_RECURSION = YES;
				CLANG_WARN_INT_CONVERSION = YES;
				CLANG_WARN_NON_LITERAL_NULL_CONVERSION = YES;
				CLANG_WARN_OBJC_IMPLICIT_RETAIN_SELF = YES;
				CLANG_WARN_OBJC_LITERAL_CONVERSION = YES;
				CLANG_WARN_OBJC_ROOT_CLASS = YES_ERROR;
				CLANG_WARN_RANGE_LOOP_ANALYSIS = YES;
				CLANG_WARN_STRICT_PROTOTYPES = YES;
				CLANG_WARN_SUSPICIOUS_MOVE = YES;
				CLANG_WARN_UNREACHABLE_CODE = YES;
				CLANG_WARN__DUPLICATE_METHOD_MATCH = YES;
				"CODE_SIGN_IDENTITY[sdk=iphoneos*]" = "iPhone Developer";
				COPY_PHASE_STRIP = NO;
				DEBUG_INFORMATION_FORMAT = dwarf;
				ENABLE_STRICT_OBJC_MSGSEND = YES;
				ENABLE_TESTABILITY = YES;
				GCC_C_LANGUAGE_STANDARD = gnu99;
				GCC_DYNAMIC_NO_PIC = NO;
				GCC_NO_COMMON_BLOCKS = YES;
				GCC_OPTIMIZATION_LEVEL = 0;
				GCC_PREPROCESSOR_DEFINITIONS = (
					"DEBUG=1",
					"$(inherited)",
				);
				GCC_WARN_64_TO_32_BIT_CONVERSION = YES;
				GCC_WARN_ABOUT_RETURN_TYPE = YES_ERROR;
				GCC_WARN_UNDECLARED_SELECTOR = YES;
				GCC_WARN_UNINITIALIZED_AUTOS = YES_AGGRESSIVE;
				GCC_WARN_UNUSED_FUNCTION = YES;
				GCC_WARN_UNUSED_VARIABLE = YES;
				IPHONEOS_DEPLOYMENT_TARGET = 8.0;
				MTL_ENABLE_DEBUG_INFO = YES;
				ONLY_ACTIVE_ARCH = YES;
				SDKROOT = iphoneos;
				SWIFT_ACTIVE_COMPILATION_CONDITIONS = DEBUG;
				SWIFT_OPTIMIZATION_LEVEL = "-Onone";
			};
			name = Debug;
		};
		9AED9E391E07855C00C4FCE0 /* Release */ = {
			isa = XCBuildConfiguration;
			buildSettings = {
				ALWAYS_SEARCH_USER_PATHS = NO;
				CLANG_ANALYZER_NONNULL = YES;
				CLANG_CXX_LANGUAGE_STANDARD = "gnu++0x";
				CLANG_CXX_LIBRARY = "libc++";
				CLANG_ENABLE_MODULES = YES;
				CLANG_ENABLE_OBJC_ARC = YES;
				CLANG_WARN_BLOCK_CAPTURE_AUTORELEASING = YES;
				CLANG_WARN_BOOL_CONVERSION = YES;
				CLANG_WARN_COMMA = YES;
				CLANG_WARN_CONSTANT_CONVERSION = YES;
				CLANG_WARN_DEPRECATED_OBJC_IMPLEMENTATIONS = YES;
				CLANG_WARN_DIRECT_OBJC_ISA_USAGE = YES_ERROR;
				CLANG_WARN_DOCUMENTATION_COMMENTS = YES;
				CLANG_WARN_EMPTY_BODY = YES;
				CLANG_WARN_ENUM_CONVERSION = YES;
				CLANG_WARN_INFINITE_RECURSION = YES;
				CLANG_WARN_INT_CONVERSION = YES;
				CLANG_WARN_NON_LITERAL_NULL_CONVERSION = YES;
				CLANG_WARN_OBJC_IMPLICIT_RETAIN_SELF = YES;
				CLANG_WARN_OBJC_LITERAL_CONVERSION = YES;
				CLANG_WARN_OBJC_ROOT_CLASS = YES_ERROR;
				CLANG_WARN_RANGE_LOOP_ANALYSIS = YES;
				CLANG_WARN_STRICT_PROTOTYPES = YES;
				CLANG_WARN_SUSPICIOUS_MOVE = YES;
				CLANG_WARN_UNREACHABLE_CODE = YES;
				CLANG_WARN__DUPLICATE_METHOD_MATCH = YES;
				"CODE_SIGN_IDENTITY[sdk=iphoneos*]" = "iPhone Developer";
				COPY_PHASE_STRIP = NO;
				DEBUG_INFORMATION_FORMAT = "dwarf-with-dsym";
				ENABLE_NS_ASSERTIONS = NO;
				ENABLE_STRICT_OBJC_MSGSEND = YES;
				GCC_C_LANGUAGE_STANDARD = gnu99;
				GCC_NO_COMMON_BLOCKS = YES;
				GCC_WARN_64_TO_32_BIT_CONVERSION = YES;
				GCC_WARN_ABOUT_RETURN_TYPE = YES_ERROR;
				GCC_WARN_UNDECLARED_SELECTOR = YES;
				GCC_WARN_UNINITIALIZED_AUTOS = YES_AGGRESSIVE;
				GCC_WARN_UNUSED_FUNCTION = YES;
				GCC_WARN_UNUSED_VARIABLE = YES;
				IPHONEOS_DEPLOYMENT_TARGET = 8.0;
				MTL_ENABLE_DEBUG_INFO = NO;
				SDKROOT = iphoneos;
				SWIFT_OPTIMIZATION_LEVEL = "-Owholemodule";
				VALIDATE_PRODUCT = YES;
			};
			name = Release;
		};
		9AED9E3B1E07855C00C4FCE0 /* Debug */ = {
			isa = XCBuildConfiguration;
			buildSettings = {
				ASSETCATALOG_COMPILER_APPICON_NAME = AppIcon;
				DEVELOPMENT_TEAM = C75928FBL3;
				INFOPLIST_FILE = "$(SRCROOT)/SupportEmailDemo/Info.plist";
				LD_RUNPATH_SEARCH_PATHS = "$(inherited) @executable_path/Frameworks";
				PRODUCT_BUNDLE_IDENTIFIER = com.hayes.stephen.SupportEmailDemo;
				PRODUCT_NAME = "$(TARGET_NAME)";
				SWIFT_SWIFT3_OBJC_INFERENCE = Off;
				SWIFT_VERSION = 4.0;
			};
			name = Debug;
		};
		9AED9E3C1E07855C00C4FCE0 /* Release */ = {
			isa = XCBuildConfiguration;
			buildSettings = {
				ASSETCATALOG_COMPILER_APPICON_NAME = AppIcon;
				DEVELOPMENT_TEAM = C75928FBL3;
				INFOPLIST_FILE = "$(SRCROOT)/SupportEmailDemo/Info.plist";
				LD_RUNPATH_SEARCH_PATHS = "$(inherited) @executable_path/Frameworks";
				PRODUCT_BUNDLE_IDENTIFIER = com.hayes.stephen.SupportEmailDemo;
				PRODUCT_NAME = "$(TARGET_NAME)";
				SWIFT_SWIFT3_OBJC_INFERENCE = Off;
				SWIFT_VERSION = 4.0;
			};
			name = Release;
		};
/* End XCBuildConfiguration section */

/* Begin XCConfigurationList section */
		9AED9E231E07855B00C4FCE0 /* Build configuration list for PBXProject "SupportEmailDemo" */ = {
			isa = XCConfigurationList;
			buildConfigurations = (
				9AED9E381E07855C00C4FCE0 /* Debug */,
				9AED9E391E07855C00C4FCE0 /* Release */,
			);
			defaultConfigurationIsVisible = 0;
			defaultConfigurationName = Release;
		};
		9AED9E3A1E07855C00C4FCE0 /* Build configuration list for PBXNativeTarget "SupportEmailDemo" */ = {
			isa = XCConfigurationList;
			buildConfigurations = (
				9AED9E3B1E07855C00C4FCE0 /* Debug */,
				9AED9E3C1E07855C00C4FCE0 /* Release */,
			);
			defaultConfigurationIsVisible = 0;
			defaultConfigurationName = Release;
		};
/* End XCConfigurationList section */
	};
	rootObject = 9AED9E201E07855B00C4FCE0 /* Project object */;
}
